
Microsoft Visual Studio Solution File, Format Version 12.00
# Visual Studio Version 16
VisualStudioVersion = 16.0.29503.13
MinimumVisualStudioVersion = 10.0.40219.1
Project("{FAE04EC0-301F-11D3-BF4B-00C04F79EFBC}") = "Non_Pocket_Pay", "Non_Pocket_Pay.csproj", "{C3E17B1A-8258-476B-AECC-FB8BE10CBB49}"
EndProject
Global
	GlobalSection(SolutionConfigurationPlatforms) = preSolution
		Debug|Any CPU = Debug|Any CPU
		Release|Any CPU = Release|Any CPU
	EndGlobalSection
	GlobalSection(ProjectConfigurationPlatforms) = postSolution
		{C3E17B1A-8258-476B-AECC-FB8BE10CBB49}.Debug|Any CPU.ActiveCfg = Debug|Any CPU
		{C3E17B1A-8258-476B-AECC-FB8BE10CBB49}.Debug|Any CPU.Build.0 = Debug|Any CPU
		{C3E17B1A-8258-476B-AECC-FB8BE10CBB49}.Release|Any CPU.ActiveCfg = Release|Any CPU
		{C3E17B1A-8258-476B-AECC-FB8BE10CBB49}.Release|Any CPU.Build.0 = Release|Any CPU
	EndGlobalSection
	GlobalSection(SolutionProperties) = preSolution
		HideSolutionNode = FALSE
	EndGlobalSection
	GlobalSection(ExtensibilityGlobals) = postSolution
		SolutionGuid = {D6804930-8D4B-437D-9618-9161277F5A55}
	EndGlobalSection
EndGlobal
